// !$*UTF8*$!
{
	archiveVersion = 1;
	classes = {
	};
	objectVersion = 46;
	objects = {

/* Begin PBXBuildFile section */
		77F38F301BF9DB69008E13DE /* main.m in Sources */ = {isa = PBXBuildFile; fileRef = 77F38F2F1BF9DB69008E13DE /* main.m */; };
		77F38F331BF9DB69008E13DE /* AppDelegate.m in Sources */ = {isa = PBXBuildFile; fileRef = 77F38F321BF9DB69008E13DE /* AppDelegate.m */; };
		77F38F361BF9DB69008E13DE /* ViewController.m in Sources */ = {isa = PBXBuildFile; fileRef = 77F38F351BF9DB69008E13DE /* ViewController.m */; };
		77F38F391BF9DB69008E13DE /* Main.storyboard in Resources */ = {isa = PBXBuildFile; fileRef = 77F38F371BF9DB69008E13DE /* Main.storyboard */; };
		77F38F3B1BF9DB69008E13DE /* Assets.xcassets in Resources */ = {isa = PBXBuildFile; fileRef = 77F38F3A1BF9DB69008E13DE /* Assets.xcassets */; };
		77F38F3E1BF9DB69008E13DE /* LaunchScreen.storyboard in Resources */ = {isa = PBXBuildFile; fileRef = 77F38F3C1BF9DB69008E13DE /* LaunchScreen.storyboard */; };
		77F38F491BF9DB6A008E13DE /* PTMultiColumnTableViewTests.m in Sources */ = {isa = PBXBuildFile; fileRef = 77F38F481BF9DB6A008E13DE /* PTMultiColumnTableViewTests.m */; };
		77F38F541BF9DB6A008E13DE /* PTMultiColumnTableViewUITests.m in Sources */ = {isa = PBXBuildFile; fileRef = 77F38F531BF9DB6A008E13DE /* PTMultiColumnTableViewUITests.m */; };
/* End PBXBuildFile section */

/* Begin PBXContainerItemProxy section */
		77F38F451BF9DB6A008E13DE /* PBXContainerItemProxy */ = {
			isa = PBXContainerItemProxy;
			containerPortal = 77F38F231BF9DB69008E13DE /* Project object */;
			proxyType = 1;
			remoteGlobalIDString = 77F38F2A1BF9DB69008E13DE;
			remoteInfo = PTMultiColumnTableView;
		};
		77F38F501BF9DB6A008E13DE /* PBXContainerItemProxy */ = {
			isa = PBXContainerItemProxy;
			containerPortal = 77F38F231BF9DB69008E13DE /* Project object */;
			proxyType = 1;
			remoteGlobalIDString = 77F38F2A1BF9DB69008E13DE;
			remoteInfo = PTMultiColumnTableView;
		};
/* End PBXContainerItemProxy section */

/* Begin PBXFileReference section */
		77F38F2B1BF9DB69008E13DE /* PTMultiColumnTableView.app */ = {isa = PBXFileReference; explicitFileType = wrapper.application; includeInIndex = 0; path = PTMultiColumnTableView.app; sourceTree = BUILT_PRODUCTS_DIR; };
		77F38F2F1BF9DB69008E13DE /* main.m */ = {isa = PBXFileReference; lastKnownFileType = sourcecode.c.objc; path = main.m; sourceTree = "<group>"; };
		77F38F311BF9DB69008E13DE /* AppDelegate.h */ = {isa = PBXFileReference; lastKnownFileType = sourcecode.c.h; path = AppDelegate.h; sourceTree = "<group>"; };
		77F38F321BF9DB69008E13DE /* AppDelegate.m */ = {isa = PBXFileReference; lastKnownFileType = sourcecode.c.objc; path = AppDelegate.m; sourceTree = "<group>"; };
		77F38F341BF9DB69008E13DE /* ViewController.h */ = {isa = PBXFileReference; lastKnownFileType = sourcecode.c.h; path = ViewController.h; sourceTree = "<group>"; };
		77F38F351BF9DB69008E13DE /* ViewController.m */ = {isa = PBXFileReference; lastKnownFileType = sourcecode.c.objc; path = ViewController.m; sourceTree = "<group>"; };
		77F38F381BF9DB69008E13DE /* Base */ = {isa = PBXFileReference; lastKnownFileType = file.storyboard; name = Base; path = Base.lproj/Main.storyboard; sourceTree = "<group>"; };
		77F38F3A1BF9DB69008E13DE /* Assets.xcassets */ = {isa = PBXFileReference; lastKnownFileType = folder.assetcatalog; path = Assets.xcassets; sourceTree = "<group>"; };
		77F38F3D1BF9DB69008E13DE /* Base */ = {isa = PBXFileReference; lastKnownFileType = file.storyboard; name = Base; path = Base.lproj/LaunchScreen.storyboard; sourceTree = "<group>"; };
		77F38F3F1BF9DB69008E13DE /* Info.plist */ = {isa = PBXFileReference; lastKnownFileType = text.plist.xml; path = Info.plist; sourceTree = "<group>"; };
		77F38F441BF9DB6A008E13DE /* PTMultiColumnTableViewTests.xctest */ = {isa = PBXFileReference; explicitFileType = wrapper.cfbundle; includeInIndex = 0; path = PTMultiColumnTableViewTests.xctest; sourceTree = BUILT_PRODUCTS_DIR; };
		77F38F481BF9DB6A008E13DE /* PTMultiColumnTableViewTests.m */ = {isa = PBXFileReference; lastKnownFileType = sourcecode.c.objc; path = PTMultiColumnTableViewTests.m; sourceTree = "<group>"; };
		77F38F4A1BF9DB6A008E13DE /* Info.plist */ = {isa = PBXFileReference; lastKnownFileType = text.plist.xml; path = Info.plist; sourceTree = "<group>"; };
		77F38F4F1BF9DB6A008E13DE /* PTMultiColumnTableViewUITests.xctest */ = {isa = PBXFileReference; explicitFileType = wrapper.cfbundle; includeInIndex = 0; path = PTMultiColumnTableViewUITests.xctest; sourceTree = BUILT_PRODUCTS_DIR; };
		77F38F531BF9DB6A008E13DE /* PTMultiColumnTableViewUITests.m */ = {isa = PBXFileReference; lastKnownFileType = sourcecode.c.objc; path = PTMultiColumnTableViewUITests.m; sourceTree = "<group>"; };
		77F38F551BF9DB6A008E13DE /* Info.plist */ = {isa = PBXFileReference; lastKnownFileType = text.plist.xml; path = Info.plist; sourceTree = "<group>"; };
/* End PBXFileReference section */

/* Begin PBXFrameworksBuildPhase section */
		77F38F281BF9DB69008E13DE /* Frameworks */ = {
			isa = PBXFrameworksBuildPhase;
			buildActionMask = 2147483647;
			files = (
			);
			runOnlyForDeploymentPostprocessing = 0;
		};
		77F38F411BF9DB6A008E13DE /* Frameworks */ = {
			isa = PBXFrameworksBuildPhase;
			buildActionMask = 2147483647;
			files = (
			);
			runOnlyForDeploymentPostprocessing = 0;
		};
		77F38F4C1BF9DB6A008E13DE /* Frameworks */ = {
			isa = PBXFrameworksBuildPhase;
			buildActionMask = 2147483647;
			files = (
			);
			runOnlyForDeploymentPostprocessing = 0;
		};
/* End PBXFrameworksBuildPhase section */

/* Begin PBXGroup section */
		77F38F221BF9DB69008E13DE = {
			isa = PBXGroup;
			children = (
				77F38F2D1BF9DB69008E13DE /* PTMultiColumnTableView */,
				77F38F471BF9DB6A008E13DE /* PTMultiColumnTableViewTests */,
				77F38F521BF9DB6A008E13DE /* PTMultiColumnTableViewUITests */,
				77F38F2C1BF9DB69008E13DE /* Products */,
			);
			sourceTree = "<group>";
		};
		77F38F2C1BF9DB69008E13DE /* Products */ = {
			isa = PBXGroup;
			children = (
				77F38F2B1BF9DB69008E13DE /* PTMultiColumnTableView.app */,
				77F38F441BF9DB6A008E13DE /* PTMultiColumnTableViewTests.xctest */,
				77F38F4F1BF9DB6A008E13DE /* PTMultiColumnTableViewUITests.xctest */,
			);
			name = Products;
			sourceTree = "<group>";
		};
		77F38F2D1BF9DB69008E13DE /* PTMultiColumnTableView */ = {
			isa = PBXGroup;
			children = (
				77F38F311BF9DB69008E13DE /* AppDelegate.h */,
				77F38F321BF9DB69008E13DE /* AppDelegate.m */,
				77F38F341BF9DB69008E13DE /* ViewController.h */,
				77F38F351BF9DB69008E13DE /* ViewController.m */,
				77F38F371BF9DB69008E13DE /* Main.storyboard */,
				77F38F3A1BF9DB69008E13DE /* Assets.xcassets */,
				77F38F3C1BF9DB69008E13DE /* LaunchScreen.storyboard */,
				77F38F3F1BF9DB69008E13DE /* Info.plist */,
				77F38F2E1BF9DB69008E13DE /* Supporting Files */,
			);
			path = PTMultiColumnTableView;
			sourceTree = "<group>";
		};
		77F38F2E1BF9DB69008E13DE /* Supporting Files */ = {
			isa = PBXGroup;
			children = (
				77F38F2F1BF9DB69008E13DE /* main.m */,
			);
			name = "Supporting Files";
			sourceTree = "<group>";
		};
		77F38F471BF9DB6A008E13DE /* PTMultiColumnTableViewTests */ = {
			isa = PBXGroup;
			children = (
				77F38F481BF9DB6A008E13DE /* PTMultiColumnTableViewTests.m */,
				77F38F4A1BF9DB6A008E13DE /* Info.plist */,
			);
			path = PTMultiColumnTableViewTests;
			sourceTree = "<group>";
		};
		77F38F521BF9DB6A008E13DE /* PTMultiColumnTableViewUITests */ = {
			isa = PBXGroup;
			children = (
				77F38F531BF9DB6A008E13DE /* PTMultiColumnTableViewUITests.m */,
				77F38F551BF9DB6A008E13DE /* Info.plist */,
			);
			path = PTMultiColumnTableViewUITests;
			sourceTree = "<group>";
		};
/* End PBXGroup section */

/* Begin PBXNativeTarget section */
		77F38F2A1BF9DB69008E13DE /* PTMultiColumnTableView */ = {
			isa = PBXNativeTarget;
			buildConfigurationList = 77F38F581BF9DB6A008E13DE /* Build configuration list for PBXNativeTarget "PTMultiColumnTableView" */;
			buildPhases = (
				77F38F271BF9DB69008E13DE /* Sources */,
				77F38F281BF9DB69008E13DE /* Frameworks */,
				77F38F291BF9DB69008E13DE /* Resources */,
			);
			buildRules = (
			);
			dependencies = (
			);
			name = PTMultiColumnTableView;
			productName = PTMultiColumnTableView;
			productReference = 77F38F2B1BF9DB69008E13DE /* PTMultiColumnTableView.app */;
			productType = "com.apple.product-type.application";
		};
		77F38F431BF9DB6A008E13DE /* PTMultiColumnTableViewTests */ = {
			isa = PBXNativeTarget;
			buildConfigurationList = 77F38F5B1BF9DB6A008E13DE /* Build configuration list for PBXNativeTarget "PTMultiColumnTableViewTests" */;
			buildPhases = (
				77F38F401BF9DB6A008E13DE /* Sources */,
				77F38F411BF9DB6A008E13DE /* Frameworks */,
				77F38F421BF9DB6A008E13DE /* Resources */,
			);
			buildRules = (
			);
			dependencies = (
				77F38F461BF9DB6A008E13DE /* PBXTargetDependency */,
			);
			name = PTMultiColumnTableViewTests;
			productName = PTMultiColumnTableViewTests;
			productReference = 77F38F441BF9DB6A008E13DE /* PTMultiColumnTableViewTests.xctest */;
			productType = "com.apple.product-type.bundle.unit-test";
		};
		77F38F4E1BF9DB6A008E13DE /* PTMultiColumnTableViewUITests */ = {
			isa = PBXNativeTarget;
			buildConfigurationList = 77F38F5E1BF9DB6A008E13DE /* Build configuration list for PBXNativeTarget "PTMultiColumnTableViewUITests" */;
			buildPhases = (
				77F38F4B1BF9DB6A008E13DE /* Sources */,
				77F38F4C1BF9DB6A008E13DE /* Frameworks */,
				77F38F4D1BF9DB6A008E13DE /* Resources */,
			);
			buildRules = (
			);
			dependencies = (
				77F38F511BF9DB6A008E13DE /* PBXTargetDependency */,
			);
			name = PTMultiColumnTableViewUITests;
			productName = PTMultiColumnTableViewUITests;
			productReference = 77F38F4F1BF9DB6A008E13DE /* PTMultiColumnTableViewUITests.xctest */;
			productType = "com.apple.product-type.bundle.ui-testing";
		};
/* End PBXNativeTarget section */

/* Begin PBXProject section */
		77F38F231BF9DB69008E13DE /* Project object */ = {
			isa = PBXProject;
			attributes = {
				LastUpgradeCheck = 0710;
				ORGANIZATIONNAME = "Peng Tao";
				TargetAttributes = {
					77F38F2A1BF9DB69008E13DE = {
						CreatedOnToolsVersion = 7.1;
					};
					77F38F431BF9DB6A008E13DE = {
						CreatedOnToolsVersion = 7.1;
						TestTargetID = 77F38F2A1BF9DB69008E13DE;
					};
					77F38F4E1BF9DB6A008E13DE = {
						CreatedOnToolsVersion = 7.1;
						TestTargetID = 77F38F2A1BF9DB69008E13DE;
					};
				};
			};
			buildConfigurationList = 77F38F261BF9DB69008E13DE /* Build configuration list for PBXProject "PTMultiColumnTableView" */;
			compatibilityVersion = "Xcode 3.2";
			developmentRegion = English;
			hasScannedForEncodings = 0;
			knownRegions = (
				en,
				Base,
			);
			mainGroup = 77F38F221BF9DB69008E13DE;
			productRefGroup = 77F38F2C1BF9DB69008E13DE /* Products */;
			projectDirPath = "";
			projectRoot = "";
			targets = (
				77F38F2A1BF9DB69008E13DE /* PTMultiColumnTableView */,
				77F38F431BF9DB6A008E13DE /* PTMultiColumnTableViewTests */,
				77F38F4E1BF9DB6A008E13DE /* PTMultiColumnTableViewUITests */,
			);
		};
/* End PBXProject section */

/* Begin PBXResourcesBuildPhase section */
		77F38F291BF9DB69008E13DE /* Resources */ = {
			isa = PBXResourcesBuildPhase;
			buildActionMask = 2147483647;
			files = (
				77F38F3E1BF9DB69008E13DE /* LaunchScreen.storyboard in Resources */,
				77F38F3B1BF9DB69008E13DE /* Assets.xcassets in Resources */,
				77F38F391BF9DB69008E13DE /* Main.storyboard in Resources */,
			);
			runOnlyForDeploymentPostprocessing = 0;
		};
		77F38F421BF9DB6A008E13DE /* Resources */ = {
			isa = PBXResourcesBuildPhase;
			buildActionMask = 2147483647;
			files = (
			);
			runOnlyForDeploymentPostprocessing = 0;
		};
		77F38F4D1BF9DB6A008E13DE /* Resources */ = {
			isa = PBXResourcesBuildPhase;
			buildActionMask = 2147483647;
			files = (
			);
			runOnlyForDeploymentPostprocessing = 0;
		};
/* End PBXResourcesBuildPhase section */

/* Begin PBXSourcesBuildPhase section */
		77F38F271BF9DB69008E13DE /* Sources */ = {
			isa = PBXSourcesBuildPhase;
			buildActionMask = 2147483647;
			files = (
				77F38F361BF9DB69008E13DE /* ViewController.m in Sources */,
				77F38F331BF9DB69008E13DE /* AppDelegate.m in Sources */,
				77F38F301BF9DB69008E13DE /* main.m in Sources */,
			);
			runOnlyForDeploymentPostprocessing = 0;
		};
		77F38F401BF9DB6A008E13DE /* Sources */ = {
			isa = PBXSourcesBuildPhase;
			buildActionMask = 2147483647;
			files = (
				77F38F491BF9DB6A008E13DE /* PTMultiColumnTableViewTests.m in Sources */,
			);
			runOnlyForDeploymentPostprocessing = 0;
		};
		77F38F4B1BF9DB6A008E13DE /* Sources */ = {
			isa = PBXSourcesBuildPhase;
			buildActionMask = 2147483647;
			files = (
				77F38F541BF9DB6A008E13DE /* PTMultiColumnTableViewUITests.m in Sources */,
			);
			runOnlyForDeploymentPostprocessing = 0;
		};
/* End PBXSourcesBuildPhase section */

/* Begin PBXTargetDependency section */
		77F38F461BF9DB6A008E13DE /* PBXTargetDependency */ = {
			isa = PBXTargetDependency;
			target = 77F38F2A1BF9DB69008E13DE /* PTMultiColumnTableView */;
			targetProxy = 77F38F451BF9DB6A008E13DE /* PBXContainerItemProxy */;
		};
		77F38F511BF9DB6A008E13DE /* PBXTargetDependency */ = {
			isa = PBXTargetDependency;
			target = 77F38F2A1BF9DB69008E13DE /* PTMultiColumnTableView */;
			targetProxy = 77F38F501BF9DB6A008E13DE /* PBXContainerItemProxy */;
		};
/* End PBXTargetDependency section */

/* Begin PBXVariantGroup section */
		77F38F371BF9DB69008E13DE /* Main.storyboard */ = {
			isa = PBXVariantGroup;
			children = (
				77F38F381BF9DB69008E13DE /* Base */,
			);
			name = Main.storyboard;
			sourceTree = "<group>";
		};
		77F38F3C1BF9DB69008E13DE /* LaunchScreen.storyboard */ = {
			isa = PBXVariantGroup;
			children = (
				77F38F3D1BF9DB69008E13DE /* Base */,
			);
			name = LaunchScreen.storyboard;
			sourceTree = "<group>";
		};
/* End PBXVariantGroup section */

/* Begin XCBuildConfiguration section */
		77F38F561BF9DB6A008E13DE /* Debug */ = {
			isa = XCBuildConfiguration;
			buildSettings = {
				ALWAYS_SEARCH_USER_PATHS = NO;
				CLANG_CXX_LANGUAGE_STANDARD = "gnu++0x";
				CLANG_CXX_LIBRARY = "libc++";
				CLANG_ENABLE_MODULES = YES;
				CLANG_ENABLE_OBJC_ARC = YES;
				CLANG_WARN_BOOL_CONVERSION = YES;
				CLANG_WARN_CONSTANT_CONVERSION = YES;
				CLANG_WARN_DIRECT_OBJC_ISA_USAGE = YES_ERROR;
				CLANG_WARN_EMPTY_BODY = YES;
				CLANG_WARN_ENUM_CONVERSION = YES;
				CLANG_WARN_INT_CONVERSION = YES;
				CLANG_WARN_OBJC_ROOT_CLASS = YES_ERROR;
				CLANG_WARN_UNREACHABLE_CODE = YES;
				CLANG_WARN__DUPLICATE_METHOD_MATCH = YES;
				"CODE_SIGN_IDENTITY[sdk=iphoneos*]" = "iPhone Developer";
				COPY_PHASE_STRIP = NO;
				DEBUG_INFORMATION_FORMAT = dwarf;
				ENABLE_STRICT_OBJC_MSGSEND = YES;
				ENABLE_TESTABILITY = YES;
				GCC_C_LANGUAGE_STANDARD = gnu99;
				GCC_DYNAMIC_NO_PIC = NO;
				GCC_NO_COMMON_BLOCKS = YES;
				GCC_OPTIMIZATION_LEVEL = 0;
				GCC_PREPROCESSOR_DEFINITIONS = (
					"DEBUG=1",
					"$(inherited)",
				);
				GCC_WARN_64_TO_32_BIT_CONVERSION = YES;
				GCC_WARN_ABOUT_RETURN_TYPE = YES_ERROR;
				GCC_WARN_UNDECLARED_SELECTOR = YES;
				GCC_WARN_UNINITIALIZED_AUTOS = YES_AGGRESSIVE;
				GCC_WARN_UNUSED_FUNCTION = YES;
				GCC_WARN_UNUSED_VARIABLE = YES;
				IPHONEOS_DEPLOYMENT_TARGET = 9.1;
				MTL_ENABLE_DEBUG_INFO = YES;
				ONLY_ACTIVE_ARCH = YES;
				SDKROOT = iphoneos;
				TARGETED_DEVICE_FAMILY = 2;
			};
			name = Debug;
		};
		77F38F571BF9DB6A008E13DE /* Release */ = {
			isa = XCBuildConfiguration;
			buildSettings = {
				ALWAYS_SEARCH_USER_PATHS = NO;
				CLANG_CXX_LANGUAGE_STANDARD = "gnu++0x";
				CLANG_CXX_LIBRARY = "libc++";
				CLANG_ENABLE_MODULES = YES;
				CLANG_ENABLE_OBJC_ARC = YES;
				CLANG_WARN_BOOL_CONVERSION = YES;
				CLANG_WARN_CONSTANT_CONVERSION = YES;
				CLANG_WARN_DIRECT_OBJC_ISA_USAGE = YES_ERROR;
				CLANG_WARN_EMPTY_BODY = YES;
				CLANG_WARN_ENUM_CONVERSION = YES;
				CLANG_WARN_INT_CONVERSION = YES;
				CLANG_WARN_OBJC_ROOT_CLASS = YES_ERROR;
				CLANG_WARN_UNREACHABLE_CODE = YES;
				CLANG_WARN__DUPLICATE_METHOD_MATCH = YES;
				"CODE_SIGN_IDENTITY[sdk=iphoneos*]" = "iPhone Developer";
				COPY_PHASE_STRIP = NO;
				DEBUG_INFORMATION_FORMAT = "dwarf-with-dsym";
				ENABLE_NS_ASSERTIONS = NO;
				ENABLE_STRICT_OBJC_MSGSEND = YES;
				GCC_C_LANGUAGE_STANDARD = gnu99;
				GCC_NO_COMMON_BLOCKS = YES;
				GCC_WARN_64_TO_32_BIT_CONVERSION = YES;
				GCC_WARN_ABOUT_RETURN_TYPE = YES_ERROR;
				GCC_WARN_UNDECLARED_SELECTOR = YES;
				GCC_WARN_UNINITIALIZED_AUTOS = YES_AGGRESSIVE;
				GCC_WARN_UNUSED_FUNCTION = YES;
				GCC_WARN_UNUSED_VARIABLE = YES;
				IPHONEOS_DEPLOYMENT_TARGET = 9.1;
				MTL_ENABLE_DEBUG_INFO = NO;
				SDKROOT = iphoneos;
				TARGETED_DEVICE_FAMILY = 2;
				VALIDATE_PRODUCT = YES;
			};
			name = Release;
		};
		77F38F591BF9DB6A008E13DE /* Debug */ = {
			isa = XCBuildConfiguration;
			buildSettings = {
				ASSETCATALOG_COMPILER_APPICON_NAME = AppIcon;
				INFOPLIST_FILE = PTMultiColumnTableView/Info.plist;
				LD_RUNPATH_SEARCH_PATHS = "$(inherited) @executable_path/Frameworks";
				PRODUCT_BUNDLE_IDENTIFIER = com.tttpeng.PTMultiColumnTableView;
				PRODUCT_NAME = "$(TARGET_NAME)";
			};
			name = Debug;
		};
		77F38F5A1BF9DB6A008E13DE /* Release */ = {
			isa = XCBuildConfiguration;
			buildSettings = {
				ASSETCATALOG_COMPILER_APPICON_NAME = AppIcon;
				INFOPLIST_FILE = PTMultiColumnTableView/Info.plist;
				LD_RUNPATH_SEARCH_PATHS = "$(inherited) @executable_path/Frameworks";
				PRODUCT_BUNDLE_IDENTIFIER = com.tttpeng.PTMultiColumnTableView;
				PRODUCT_NAME = "$(TARGET_NAME)";
			};
			name = Release;
		};
		77F38F5C1BF9DB6A008E13DE /* Debug */ = {
			isa = XCBuildConfiguration;
			buildSettings = {
				BUNDLE_LOADER = "$(TEST_HOST)";
				INFOPLIST_FILE = PTMultiColumnTableViewTests/Info.plist;
				LD_RUNPATH_SEARCH_PATHS = "$(inherited) @executable_path/Frameworks @loader_path/Frameworks";
				PRODUCT_BUNDLE_IDENTIFIER = com.tttpeng.PTMultiColumnTableViewTests;
				PRODUCT_NAME = "$(TARGET_NAME)";
				TEST_HOST = "$(BUILT_PRODUCTS_DIR)/PTMultiColumnTableView.app/PTMultiColumnTableView";
			};
			name = Debug;
		};
		77F38F5D1BF9DB6A008E13DE /* Release */ = {
			isa = XCBuildConfiguration;
			buildSettings = {
				BUNDLE_LOADER = "$(TEST_HOST)";
				INFOPLIST_FILE = PTMultiColumnTableViewTests/Info.plist;
				LD_RUNPATH_SEARCH_PATHS = "$(inherited) @executable_path/Frameworks @loader_path/Frameworks";
				PRODUCT_BUNDLE_IDENTIFIER = com.tttpeng.PTMultiColumnTableViewTests;
				PRODUCT_NAME = "$(TARGET_NAME)";
				TEST_HOST = "$(BUILT_PRODUCTS_DIR)/PTMultiColumnTableView.app/PTMultiColumnTableView";
			};
			name = Release;
		};
		77F38F5F1BF9DB6A008E13DE /* Debug */ = {
			isa = XCBuildConfiguration;
			buildSettings = {
				INFOPLIST_FILE = PTMultiColumnTableViewUITests/Info.plist;
				LD_RUNPATH_SEARCH_PATHS = "$(inherited) @executable_path/Frameworks @loader_path/Frameworks";
				PRODUCT_BUNDLE_IDENTIFIER = com.tttpeng.PTMultiColumnTableViewUITests;
				PRODUCT_NAME = "$(TARGET_NAME)";
				TEST_TARGET_NAME = PTMultiColumnTableView;
				USES_XCTRUNNER = YES;
			};
			name = Debug;
		};
		77F38F601BF9DB6A008E13DE /* Release */ = {
			isa = XCBuildConfiguration;
			buildSettings = {
				INFOPLIST_FILE = PTMultiColumnTableViewUITests/Info.plist;
				LD_RUNPATH_SEARCH_PATHS = "$(inherited) @executable_path/Frameworks @loader_path/Frameworks";
				PRODUCT_BUNDLE_IDENTIFIER = com.tttpeng.PTMultiColumnTableViewUITests;
				PRODUCT_NAME = "$(TARGET_NAME)";
				TEST_TARGET_NAME = PTMultiColumnTableView;
				USES_XCTRUNNER = YES;
			};
			name = Release;
		};
/* End XCBuildConfiguration section */

/* Begin XCConfigurationList section */
		77F38F261BF9DB69008E13DE /* Build configuration list for PBXProject "PTMultiColumnTableView" */ = {
			isa = XCConfigurationList;
			buildConfigurations = (
				77F38F561BF9DB6A008E13DE /* Debug */,
				77F38F571BF9DB6A008E13DE /* Release */,
			);
			defaultConfigurationIsVisible = 0;
			defaultConfigurationName = Release;
		};
		77F38F581BF9DB6A008E13DE /* Build configuration list for PBXNativeTarget "PTMultiColumnTableView" */ = {
			isa = XCConfigurationList;
			buildConfigurations = (
				77F38F591BF9DB6A008E13DE /* Debug */,
				77F38F5A1BF9DB6A008E13DE /* Release */,
			);
			defaultConfigurationIsVisible = 0;
		};
		77F38F5B1BF9DB6A008E13DE /* Build configuration list for PBXNativeTarget "PTMultiColumnTableViewTests" */ = {
			isa = XCConfigurationList;
			buildConfigurations = (
				77F38F5C1BF9DB6A008E13DE /* Debug */,
				77F38F5D1BF9DB6A008E13DE /* Release */,
			);
			defaultConfigurationIsVisible = 0;
		};
		77F38F5E1BF9DB6A008E13DE /* Build configuration list for PBXNativeTarget "PTMultiColumnTableViewUITests" */ = {
			isa = XCConfigurationList;
			buildConfigurations = (
				77F38F5F1BF9DB6A008E13DE /* Debug */,
				77F38F601BF9DB6A008E13DE /* Release */,
			);
			defaultConfigurationIsVisible = 0;
		};
/* End XCConfigurationList section */
	};
	rootObject = 77F38F231BF9DB69008E13DE /* Project object */;
}
